
Microsoft Visual Studio Solution File, Format Version 12.00
# Visual Studio Version 17
VisualStudioVersion = 17.10.35013.160
MinimumVisualStudioVersion = 10.0.40219.1
Project("{FAE04EC0-301F-11D3-BF4B-00C04F79EFBC}") = "task10", "task10\task10.csproj", "{52078B8B-6894-4D93-B37C-9F436F4FAEAB}"
EndProject
Global
	GlobalSection(SolutionConfigurationPlatforms) = preSolution
		Debug|Any CPU = Debug|Any CPU
		Release|Any CPU = Release|Any CPU
	EndGlobalSection
	GlobalSection(ProjectConfigurationPlatforms) = postSolution
		{52078B8B-6894-4D93-B37C-9F436F4FAEAB}.Debug|Any CPU.ActiveCfg = Debug|Any CPU
		{52078B8B-6894-4D93-B37C-9F436F4FAEAB}.Debug|Any CPU.Build.0 = Debug|Any CPU
		{52078B8B-6894-4D93-B37C-9F436F4FAEAB}.Release|Any CPU.ActiveCfg = Release|Any CPU
		{52078B8B-6894-4D93-B37C-9F436F4FAEAB}.Release|Any CPU.Build.0 = Release|Any CPU
	EndGlobalSection
	GlobalSection(SolutionProperties) = preSolution
		HideSolutionNode = FALSE
	EndGlobalSection
	GlobalSection(ExtensibilityGlobals) = postSolution
		SolutionGuid = {05B8679E-D595-4F8A-AB84-DF51D2732E17}
	EndGlobalSection
EndGlobal
